// !$*UTF8*$!
{
	archiveVersion = 1;
	classes = {
	};
	objectVersion = 56;
	objects = {

/* Begin PBXBuildFile section */
		260C78542A97CCFE00EB2BA7 /* PlanerAppApp.swift in Sources */ = {isa = PBXBuildFile; fileRef = 260C78532A97CCFE00EB2BA7 /* PlanerAppApp.swift */; };
		260C78562A97CCFE00EB2BA7 /* MainView.swift in Sources */ = {isa = PBXBuildFile; fileRef = 260C78552A97CCFE00EB2BA7 /* MainView.swift */; };
		260C78582A97CD0000EB2BA7 /* Assets.xcassets in Resources */ = {isa = PBXBuildFile; fileRef = 260C78572A97CD0000EB2BA7 /* Assets.xcassets */; };
		260C785B2A97CD0000EB2BA7 /* Preview Assets.xcassets in Resources */ = {isa = PBXBuildFile; fileRef = 260C785A2A97CD0000EB2BA7 /* Preview Assets.xcassets */; };
		260C78652A97CD0000EB2BA7 /* PlanerAppTests.swift in Sources */ = {isa = PBXBuildFile; fileRef = 260C78642A97CD0000EB2BA7 /* PlanerAppTests.swift */; };
		260C786F2A97CD0000EB2BA7 /* PlanerAppUITests.swift in Sources */ = {isa = PBXBuildFile; fileRef = 260C786E2A97CD0000EB2BA7 /* PlanerAppUITests.swift */; };
		260C78712A97CD0000EB2BA7 /* PlanerAppUITestsLaunchTests.swift in Sources */ = {isa = PBXBuildFile; fileRef = 260C78702A97CD0000EB2BA7 /* PlanerAppUITestsLaunchTests.swift */; };
		260C787F2A97CD4400EB2BA7 /* FirebaseAuth in Frameworks */ = {isa = PBXBuildFile; productRef = 260C787E2A97CD4400EB2BA7 /* FirebaseAuth */; };
		260C78812A97CD4400EB2BA7 /* FirebaseFirestore in Frameworks */ = {isa = PBXBuildFile; productRef = 260C78802A97CD4400EB2BA7 /* FirebaseFirestore */; };
		260C78832A97CD4400EB2BA7 /* FirebaseFirestoreSwift in Frameworks */ = {isa = PBXBuildFile; productRef = 260C78822A97CD4400EB2BA7 /* FirebaseFirestoreSwift */; };
		260C788B2A97D44D00EB2BA7 /* ProfileView.swift in Sources */ = {isa = PBXBuildFile; fileRef = 260C788A2A97D44D00EB2BA7 /* ProfileView.swift */; };
		260C788D2A97D47D00EB2BA7 /* PlanerView.swift in Sources */ = {isa = PBXBuildFile; fileRef = 260C788C2A97D47D00EB2BA7 /* PlanerView.swift */; };
		260C788F2A97D49B00EB2BA7 /* NewItemsView.swift in Sources */ = {isa = PBXBuildFile; fileRef = 260C788E2A97D49B00EB2BA7 /* NewItemsView.swift */; };
		260C78912A97D4B200EB2BA7 /* LoginView.swift in Sources */ = {isa = PBXBuildFile; fileRef = 260C78902A97D4B200EB2BA7 /* LoginView.swift */; };
		260C78932A97D4BD00EB2BA7 /* RegisterView.swift in Sources */ = {isa = PBXBuildFile; fileRef = 260C78922A97D4BD00EB2BA7 /* RegisterView.swift */; };
		260C78952A97D4E400EB2BA7 /* PlanerItemView.swift in Sources */ = {isa = PBXBuildFile; fileRef = 260C78942A97D4E400EB2BA7 /* PlanerItemView.swift */; };
		260C78972A97D55100EB2BA7 /* User.swift in Sources */ = {isa = PBXBuildFile; fileRef = 260C78962A97D55100EB2BA7 /* User.swift */; };
		260C78992A97D55A00EB2BA7 /* PlanerItem.swift in Sources */ = {isa = PBXBuildFile; fileRef = 260C78982A97D55A00EB2BA7 /* PlanerItem.swift */; };
		260C789B2A97D59900EB2BA7 /* MainViewViewModel.swift in Sources */ = {isa = PBXBuildFile; fileRef = 260C789A2A97D59900EB2BA7 /* MainViewViewModel.swift */; };
		260C789D2A97D5A600EB2BA7 /* ProfileViewViewModel.swift in Sources */ = {isa = PBXBuildFile; fileRef = 260C789C2A97D5A600EB2BA7 /* ProfileViewViewModel.swift */; };
		260C789F2A97D5BC00EB2BA7 /* PlanerViewViewModel.swift in Sources */ = {isa = PBXBuildFile; fileRef = 260C789E2A97D5BC00EB2BA7 /* PlanerViewViewModel.swift */; };
		260C78A12A97D5C500EB2BA7 /* NewItemsViewViewModel.swift in Sources */ = {isa = PBXBuildFile; fileRef = 260C78A02A97D5C500EB2BA7 /* NewItemsViewViewModel.swift */; };
		260C78A32A97D5CB00EB2BA7 /* LoginViewViewModel.swift in Sources */ = {isa = PBXBuildFile; fileRef = 260C78A22A97D5CB00EB2BA7 /* LoginViewViewModel.swift */; };
		260C78A52A97D5D900EB2BA7 /* RegisterViewViewModel.swift in Sources */ = {isa = PBXBuildFile; fileRef = 260C78A42A97D5D900EB2BA7 /* RegisterViewViewModel.swift */; };
		260C78A72A97D5E500EB2BA7 /* PlanerItemViewViewModel.swift in Sources */ = {isa = PBXBuildFile; fileRef = 260C78A62A97D5E500EB2BA7 /* PlanerItemViewViewModel.swift */; };
		260C78A92A97E63100EB2BA7 /* HeaderView.swift in Sources */ = {isa = PBXBuildFile; fileRef = 260C78A82A97E63000EB2BA7 /* HeaderView.swift */; };
		2627D96D2C286E3F00303202 /* GoogleService-Info.plist in Resources */ = {isa = PBXBuildFile; fileRef = 2627D96C2C286E3F00303202 /* GoogleService-Info.plist */; };
		26578A952A9A801000787A92 /* ButtonView.swift in Sources */ = {isa = PBXBuildFile; fileRef = 26578A942A9A801000787A92 /* ButtonView.swift */; };
		26578A992A9A9E8F00787A92 /* Extensions.swift in Sources */ = {isa = PBXBuildFile; fileRef = 26578A982A9A9E8F00787A92 /* Extensions.swift */; };
/* End PBXBuildFile section */

/* Begin PBXContainerItemProxy section */
		260C78612A97CD0000EB2BA7 /* PBXContainerItemProxy */ = {
			isa = PBXContainerItemProxy;
			containerPortal = 260C78482A97CCFE00EB2BA7 /* Project object */;
			proxyType = 1;
			remoteGlobalIDString = 260C784F2A97CCFE00EB2BA7;
			remoteInfo = PlanerApp;
		};
		260C786B2A97CD0000EB2BA7 /* PBXContainerItemProxy */ = {
			isa = PBXContainerItemProxy;
			containerPortal = 260C78482A97CCFE00EB2BA7 /* Project object */;
			proxyType = 1;
			remoteGlobalIDString = 260C784F2A97CCFE00EB2BA7;
			remoteInfo = PlanerApp;
		};
/* End PBXContainerItemProxy section */

/* Begin PBXFileReference section */
		260C78502A97CCFE00EB2BA7 /* PlanerApp.app */ = {isa = PBXFileReference; explicitFileType = wrapper.application; includeInIndex = 0; path = PlanerApp.app; sourceTree = BUILT_PRODUCTS_DIR; };
		260C78532A97CCFE00EB2BA7 /* PlanerAppApp.swift */ = {isa = PBXFileReference; lastKnownFileType = sourcecode.swift; path = PlanerAppApp.swift; sourceTree = "<group>"; };
		260C78552A97CCFE00EB2BA7 /* MainView.swift */ = {isa = PBXFileReference; lastKnownFileType = sourcecode.swift; path = MainView.swift; sourceTree = "<group>"; };
		260C78572A97CD0000EB2BA7 /* Assets.xcassets */ = {isa = PBXFileReference; lastKnownFileType = folder.assetcatalog; path = Assets.xcassets; sourceTree = "<group>"; };
		260C785A2A97CD0000EB2BA7 /* Preview Assets.xcassets */ = {isa = PBXFileReference; lastKnownFileType = folder.assetcatalog; path = "Preview Assets.xcassets"; sourceTree = "<group>"; };
		260C78602A97CD0000EB2BA7 /* PlanerAppTests.xctest */ = {isa = PBXFileReference; explicitFileType = wrapper.cfbundle; includeInIndex = 0; path = PlanerAppTests.xctest; sourceTree = BUILT_PRODUCTS_DIR; };
		260C78642A97CD0000EB2BA7 /* PlanerAppTests.swift */ = {isa = PBXFileReference; lastKnownFileType = sourcecode.swift; path = PlanerAppTests.swift; sourceTree = "<group>"; };
		260C786A2A97CD0000EB2BA7 /* PlanerAppUITests.xctest */ = {isa = PBXFileReference; explicitFileType = wrapper.cfbundle; includeInIndex = 0; path = PlanerAppUITests.xctest; sourceTree = BUILT_PRODUCTS_DIR; };
		260C786E2A97CD0000EB2BA7 /* PlanerAppUITests.swift */ = {isa = PBXFileReference; lastKnownFileType = sourcecode.swift; path = PlanerAppUITests.swift; sourceTree = "<group>"; };
		260C78702A97CD0000EB2BA7 /* PlanerAppUITestsLaunchTests.swift */ = {isa = PBXFileReference; lastKnownFileType = sourcecode.swift; path = PlanerAppUITestsLaunchTests.swift; sourceTree = "<group>"; };
		260C788A2A97D44D00EB2BA7 /* ProfileView.swift */ = {isa = PBXFileReference; lastKnownFileType = sourcecode.swift; path = ProfileView.swift; sourceTree = "<group>"; };
		260C788C2A97D47D00EB2BA7 /* PlanerView.swift */ = {isa = PBXFileReference; lastKnownFileType = sourcecode.swift; path = PlanerView.swift; sourceTree = "<group>"; };
		260C788E2A97D49B00EB2BA7 /* NewItemsView.swift */ = {isa = PBXFileReference; lastKnownFileType = sourcecode.swift; path = NewItemsView.swift; sourceTree = "<group>"; };
		260C78902A97D4B200EB2BA7 /* LoginView.swift */ = {isa = PBXFileReference; lastKnownFileType = sourcecode.swift; path = LoginView.swift; sourceTree = "<group>"; };
		260C78922A97D4BD00EB2BA7 /* RegisterView.swift */ = {isa = PBXFileReference; lastKnownFileType = sourcecode.swift; path = RegisterView.swift; sourceTree = "<group>"; };
		260C78942A97D4E400EB2BA7 /* PlanerItemView.swift */ = {isa = PBXFileReference; lastKnownFileType = sourcecode.swift; path = PlanerItemView.swift; sourceTree = "<group>"; };
		260C78962A97D55100EB2BA7 /* User.swift */ = {isa = PBXFileReference; lastKnownFileType = sourcecode.swift; path = User.swift; sourceTree = "<group>"; };
		260C78982A97D55A00EB2BA7 /* PlanerItem.swift */ = {isa = PBXFileReference; lastKnownFileType = sourcecode.swift; path = PlanerItem.swift; sourceTree = "<group>"; };
		260C789A2A97D59900EB2BA7 /* MainViewViewModel.swift */ = {isa = PBXFileReference; lastKnownFileType = sourcecode.swift; path = MainViewViewModel.swift; sourceTree = "<group>"; };
		260C789C2A97D5A600EB2BA7 /* ProfileViewViewModel.swift */ = {isa = PBXFileReference; lastKnownFileType = sourcecode.swift; path = ProfileViewViewModel.swift; sourceTree = "<group>"; };
		260C789E2A97D5BC00EB2BA7 /* PlanerViewViewModel.swift */ = {isa = PBXFileReference; lastKnownFileType = sourcecode.swift; path = PlanerViewViewModel.swift; sourceTree = "<group>"; };
		260C78A02A97D5C500EB2BA7 /* NewItemsViewViewModel.swift */ = {isa = PBXFileReference; lastKnownFileType = sourcecode.swift; path = NewItemsViewViewModel.swift; sourceTree = "<group>"; };
		260C78A22A97D5CB00EB2BA7 /* LoginViewViewModel.swift */ = {isa = PBXFileReference; lastKnownFileType = sourcecode.swift; path = LoginViewViewModel.swift; sourceTree = "<group>"; };
		260C78A42A97D5D900EB2BA7 /* RegisterViewViewModel.swift */ = {isa = PBXFileReference; lastKnownFileType = sourcecode.swift; path = RegisterViewViewModel.swift; sourceTree = "<group>"; };
		260C78A62A97D5E500EB2BA7 /* PlanerItemViewViewModel.swift */ = {isa = PBXFileReference; lastKnownFileType = sourcecode.swift; path = PlanerItemViewViewModel.swift; sourceTree = "<group>"; };
		260C78A82A97E63000EB2BA7 /* HeaderView.swift */ = {isa = PBXFileReference; lastKnownFileType = sourcecode.swift; path = HeaderView.swift; sourceTree = "<group>"; };
		2627D96C2C286E3F00303202 /* GoogleService-Info.plist */ = {isa = PBXFileReference; lastKnownFileType = text.plist.xml; path = "GoogleService-Info.plist"; sourceTree = "<group>"; };
		26578A942A9A801000787A92 /* ButtonView.swift */ = {isa = PBXFileReference; lastKnownFileType = sourcecode.swift; path = ButtonView.swift; sourceTree = "<group>"; };
		26578A982A9A9E8F00787A92 /* Extensions.swift */ = {isa = PBXFileReference; lastKnownFileType = sourcecode.swift; path = Extensions.swift; sourceTree = "<group>"; };
/* End PBXFileReference section */

/* Begin PBXFrameworksBuildPhase section */
		260C784D2A97CCFE00EB2BA7 /* Frameworks */ = {
			isa = PBXFrameworksBuildPhase;
			buildActionMask = 2147483647;
			files = (
				260C787F2A97CD4400EB2BA7 /* FirebaseAuth in Frameworks */,
				260C78812A97CD4400EB2BA7 /* FirebaseFirestore in Frameworks */,
				260C78832A97CD4400EB2BA7 /* FirebaseFirestoreSwift in Frameworks */,
			);
			runOnlyForDeploymentPostprocessing = 0;
		};
		260C785D2A97CD0000EB2BA7 /* Frameworks */ = {
			isa = PBXFrameworksBuildPhase;
			buildActionMask = 2147483647;
			files = (
			);
			runOnlyForDeploymentPostprocessing = 0;
		};
		260C78672A97CD0000EB2BA7 /* Frameworks */ = {
			isa = PBXFrameworksBuildPhase;
			buildActionMask = 2147483647;
			files = (
			);
			runOnlyForDeploymentPostprocessing = 0;
		};
/* End PBXFrameworksBuildPhase section */

/* Begin PBXGroup section */
		260C78472A97CCFE00EB2BA7 = {
			isa = PBXGroup;
			children = (
				260C78522A97CCFE00EB2BA7 /* PlanerApp */,
				260C78632A97CD0000EB2BA7 /* PlanerAppTests */,
				260C786D2A97CD0000EB2BA7 /* PlanerAppUITests */,
				260C78512A97CCFE00EB2BA7 /* Products */,
			);
			sourceTree = "<group>";
		};
		260C78512A97CCFE00EB2BA7 /* Products */ = {
			isa = PBXGroup;
			children = (
				260C78502A97CCFE00EB2BA7 /* PlanerApp.app */,
				260C78602A97CD0000EB2BA7 /* PlanerAppTests.xctest */,
				260C786A2A97CD0000EB2BA7 /* PlanerAppUITests.xctest */,
			);
			name = Products;
			sourceTree = "<group>";
		};
		260C78522A97CCFE00EB2BA7 /* PlanerApp */ = {
			isa = PBXGroup;
			children = (
				260C78892A97D1DC00EB2BA7 /* Other */,
				260C78882A97D1C100EB2BA7 /* Models */,
				260C78872A97D19D00EB2BA7 /* ViewModels */,
				260C78862A97D18600EB2BA7 /* Views */,
				260C78592A97CD0000EB2BA7 /* Preview Content */,
			);
			path = PlanerApp;
			sourceTree = "<group>";
		};
		260C78592A97CD0000EB2BA7 /* Preview Content */ = {
			isa = PBXGroup;
			children = (
				260C785A2A97CD0000EB2BA7 /* Preview Assets.xcassets */,
			);
			path = "Preview Content";
			sourceTree = "<group>";
		};
		260C78632A97CD0000EB2BA7 /* PlanerAppTests */ = {
			isa = PBXGroup;
			children = (
				260C78642A97CD0000EB2BA7 /* PlanerAppTests.swift */,
			);
			path = PlanerAppTests;
			sourceTree = "<group>";
		};
		260C786D2A97CD0000EB2BA7 /* PlanerAppUITests */ = {
			isa = PBXGroup;
			children = (
				260C786E2A97CD0000EB2BA7 /* PlanerAppUITests.swift */,
				260C78702A97CD0000EB2BA7 /* PlanerAppUITestsLaunchTests.swift */,
			);
			path = PlanerAppUITests;
			sourceTree = "<group>";
		};
		260C78862A97D18600EB2BA7 /* Views */ = {
			isa = PBXGroup;
			children = (
				260C78552A97CCFE00EB2BA7 /* MainView.swift */,
				260C788A2A97D44D00EB2BA7 /* ProfileView.swift */,
				260C788C2A97D47D00EB2BA7 /* PlanerView.swift */,
				260C788E2A97D49B00EB2BA7 /* NewItemsView.swift */,
				260C78902A97D4B200EB2BA7 /* LoginView.swift */,
				260C78922A97D4BD00EB2BA7 /* RegisterView.swift */,
				260C78942A97D4E400EB2BA7 /* PlanerItemView.swift */,
				260C78A82A97E63000EB2BA7 /* HeaderView.swift */,
				26578A942A9A801000787A92 /* ButtonView.swift */,
			);
			path = Views;
			sourceTree = "<group>";
		};
		260C78872A97D19D00EB2BA7 /* ViewModels */ = {
			isa = PBXGroup;
			children = (
				260C789A2A97D59900EB2BA7 /* MainViewViewModel.swift */,
				260C789C2A97D5A600EB2BA7 /* ProfileViewViewModel.swift */,
				260C789E2A97D5BC00EB2BA7 /* PlanerViewViewModel.swift */,
				260C78A02A97D5C500EB2BA7 /* NewItemsViewViewModel.swift */,
				260C78A22A97D5CB00EB2BA7 /* LoginViewViewModel.swift */,
				260C78A42A97D5D900EB2BA7 /* RegisterViewViewModel.swift */,
				260C78A62A97D5E500EB2BA7 /* PlanerItemViewViewModel.swift */,
			);
			path = ViewModels;
			sourceTree = "<group>";
		};
		260C78882A97D1C100EB2BA7 /* Models */ = {
			isa = PBXGroup;
			children = (
				260C78962A97D55100EB2BA7 /* User.swift */,
				260C78982A97D55A00EB2BA7 /* PlanerItem.swift */,
			);
			path = Models;
			sourceTree = "<group>";
		};
		260C78892A97D1DC00EB2BA7 /* Other */ = {
			isa = PBXGroup;
			children = (
				260C78572A97CD0000EB2BA7 /* Assets.xcassets */,
				260C78532A97CCFE00EB2BA7 /* PlanerAppApp.swift */,
				26578A982A9A9E8F00787A92 /* Extensions.swift */,
				2627D96C2C286E3F00303202 /* GoogleService-Info.plist */,
			);
			path = Other;
			sourceTree = "<group>";
		};
/* End PBXGroup section */

/* Begin PBXNativeTarget section */
		260C784F2A97CCFE00EB2BA7 /* PlanerApp */ = {
			isa = PBXNativeTarget;
			buildConfigurationList = 260C78742A97CD0000EB2BA7 /* Build configuration list for PBXNativeTarget "PlanerApp" */;
			buildPhases = (
				260C784C2A97CCFE00EB2BA7 /* Sources */,
				260C784D2A97CCFE00EB2BA7 /* Frameworks */,
				260C784E2A97CCFE00EB2BA7 /* Resources */,
			);
			buildRules = (
			);
			dependencies = (
			);
			name = PlanerApp;
			packageProductDependencies = (
				260C787E2A97CD4400EB2BA7 /* FirebaseAuth */,
				260C78802A97CD4400EB2BA7 /* FirebaseFirestore */,
				260C78822A97CD4400EB2BA7 /* FirebaseFirestoreSwift */,
			);
			productName = PlanerApp;
			productReference = 260C78502A97CCFE00EB2BA7 /* PlanerApp.app */;
			productType = "com.apple.product-type.application";
		};
		260C785F2A97CD0000EB2BA7 /* PlanerAppTests */ = {
			isa = PBXNativeTarget;
			buildConfigurationList = 260C78772A97CD0000EB2BA7 /* Build configuration list for PBXNativeTarget "PlanerAppTests" */;
			buildPhases = (
				260C785C2A97CD0000EB2BA7 /* Sources */,
				260C785D2A97CD0000EB2BA7 /* Frameworks */,
				260C785E2A97CD0000EB2BA7 /* Resources */,
			);
			buildRules = (
			);
			dependencies = (
				260C78622A97CD0000EB2BA7 /* PBXTargetDependency */,
			);
			name = PlanerAppTests;
			productName = PlanerAppTests;
			productReference = 260C78602A97CD0000EB2BA7 /* PlanerAppTests.xctest */;
			productType = "com.apple.product-type.bundle.unit-test";
		};
		260C78692A97CD0000EB2BA7 /* PlanerAppUITests */ = {
			isa = PBXNativeTarget;
			buildConfigurationList = 260C787A2A97CD0000EB2BA7 /* Build configuration list for PBXNativeTarget "PlanerAppUITests" */;
			buildPhases = (
				260C78662A97CD0000EB2BA7 /* Sources */,
				260C78672A97CD0000EB2BA7 /* Frameworks */,
				260C78682A97CD0000EB2BA7 /* Resources */,
			);
			buildRules = (
			);
			dependencies = (
				260C786C2A97CD0000EB2BA7 /* PBXTargetDependency */,
			);
			name = PlanerAppUITests;
			productName = PlanerAppUITests;
			productReference = 260C786A2A97CD0000EB2BA7 /* PlanerAppUITests.xctest */;
			productType = "com.apple.product-type.bundle.ui-testing";
		};
/* End PBXNativeTarget section */

/* Begin PBXProject section */
		260C78482A97CCFE00EB2BA7 /* Project object */ = {
			isa = PBXProject;
			attributes = {
				BuildIndependentTargetsInParallel = 1;
				LastSwiftUpdateCheck = 1430;
				LastUpgradeCheck = 1540;
				TargetAttributes = {
					260C784F2A97CCFE00EB2BA7 = {
						CreatedOnToolsVersion = 14.3.1;
					};
					260C785F2A97CD0000EB2BA7 = {
						CreatedOnToolsVersion = 14.3.1;
						TestTargetID = 260C784F2A97CCFE00EB2BA7;
					};
					260C78692A97CD0000EB2BA7 = {
						CreatedOnToolsVersion = 14.3.1;
						TestTargetID = 260C784F2A97CCFE00EB2BA7;
					};
				};
			};
			buildConfigurationList = 260C784B2A97CCFE00EB2BA7 /* Build configuration list for PBXProject "PlanerApp" */;
			compatibilityVersion = "Xcode 14.0";
			developmentRegion = en;
			hasScannedForEncodings = 0;
			knownRegions = (
				en,
				Base,
			);
			mainGroup = 260C78472A97CCFE00EB2BA7;
			packageReferences = (
				260C787D2A97CD4400EB2BA7 /* XCRemoteSwiftPackageReference "firebase-ios-sdk" */,
			);
			productRefGroup = 260C78512A97CCFE00EB2BA7 /* Products */;
			projectDirPath = "";
			projectRoot = "";
			targets = (
				260C784F2A97CCFE00EB2BA7 /* PlanerApp */,
				260C785F2A97CD0000EB2BA7 /* PlanerAppTests */,
				260C78692A97CD0000EB2BA7 /* PlanerAppUITests */,
			);
		};
/* End PBXProject section */

/* Begin PBXResourcesBuildPhase section */
		260C784E2A97CCFE00EB2BA7 /* Resources */ = {
			isa = PBXResourcesBuildPhase;
			buildActionMask = 2147483647;
			files = (
				2627D96D2C286E3F00303202 /* GoogleService-Info.plist in Resources */,
				260C785B2A97CD0000EB2BA7 /* Preview Assets.xcassets in Resources */,
				260C78582A97CD0000EB2BA7 /* Assets.xcassets in Resources */,
			);
			runOnlyForDeploymentPostprocessing = 0;
		};
		260C785E2A97CD0000EB2BA7 /* Resources */ = {
			isa = PBXResourcesBuildPhase;
			buildActionMask = 2147483647;
			files = (
			);
			runOnlyForDeploymentPostprocessing = 0;
		};
		260C78682A97CD0000EB2BA7 /* Resources */ = {
			isa = PBXResourcesBuildPhase;
			buildActionMask = 2147483647;
			files = (
			);
			runOnlyForDeploymentPostprocessing = 0;
		};
/* End PBXResourcesBuildPhase section */

/* Begin PBXSourcesBuildPhase section */
		260C784C2A97CCFE00EB2BA7 /* Sources */ = {
			isa = PBXSourcesBuildPhase;
			buildActionMask = 2147483647;
			files = (
				260C78992A97D55A00EB2BA7 /* PlanerItem.swift in Sources */,
				260C78A92A97E63100EB2BA7 /* HeaderView.swift in Sources */,
				260C78912A97D4B200EB2BA7 /* LoginView.swift in Sources */,
				260C78A52A97D5D900EB2BA7 /* RegisterViewViewModel.swift in Sources */,
				260C789F2A97D5BC00EB2BA7 /* PlanerViewViewModel.swift in Sources */,
				260C789B2A97D59900EB2BA7 /* MainViewViewModel.swift in Sources */,
				260C78562A97CCFE00EB2BA7 /* MainView.swift in Sources */,
				260C788F2A97D49B00EB2BA7 /* NewItemsView.swift in Sources */,
				260C789D2A97D5A600EB2BA7 /* ProfileViewViewModel.swift in Sources */,
				260C78952A97D4E400EB2BA7 /* PlanerItemView.swift in Sources */,
				260C78932A97D4BD00EB2BA7 /* RegisterView.swift in Sources */,
				260C78972A97D55100EB2BA7 /* User.swift in Sources */,
				260C78A32A97D5CB00EB2BA7 /* LoginViewViewModel.swift in Sources */,
				260C788B2A97D44D00EB2BA7 /* ProfileView.swift in Sources */,
				260C78542A97CCFE00EB2BA7 /* PlanerAppApp.swift in Sources */,
				26578A992A9A9E8F00787A92 /* Extensions.swift in Sources */,
				260C788D2A97D47D00EB2BA7 /* PlanerView.swift in Sources */,
				26578A952A9A801000787A92 /* ButtonView.swift in Sources */,
				260C78A12A97D5C500EB2BA7 /* NewItemsViewViewModel.swift in Sources */,
				260C78A72A97D5E500EB2BA7 /* PlanerItemViewViewModel.swift in Sources */,
			);
			runOnlyForDeploymentPostprocessing = 0;
		};
		260C785C2A97CD0000EB2BA7 /* Sources */ = {
			isa = PBXSourcesBuildPhase;
			buildActionMask = 2147483647;
			files = (
				260C78652A97CD0000EB2BA7 /* PlanerAppTests.swift in Sources */,
			);
			runOnlyForDeploymentPostprocessing = 0;
		};
		260C78662A97CD0000EB2BA7 /* Sources */ = {
			isa = PBXSourcesBuildPhase;
			buildActionMask = 2147483647;
			files = (
				260C78712A97CD0000EB2BA7 /* PlanerAppUITestsLaunchTests.swift in Sources */,
				260C786F2A97CD0000EB2BA7 /* PlanerAppUITests.swift in Sources */,
			);
			runOnlyForDeploymentPostprocessing = 0;
		};
/* End PBXSourcesBuildPhase section */

/* Begin PBXTargetDependency section */
		260C78622A97CD0000EB2BA7 /* PBXTargetDependency */ = {
			isa = PBXTargetDependency;
			target = 260C784F2A97CCFE00EB2BA7 /* PlanerApp */;
			targetProxy = 260C78612A97CD0000EB2BA7 /* PBXContainerItemProxy */;
		};
		260C786C2A97CD0000EB2BA7 /* PBXTargetDependency */ = {
			isa = PBXTargetDependency;
			target = 260C784F2A97CCFE00EB2BA7 /* PlanerApp */;
			targetProxy = 260C786B2A97CD0000EB2BA7 /* PBXContainerItemProxy */;
		};
/* End PBXTargetDependency section */

/* Begin XCBuildConfiguration section */
		260C78722A97CD0000EB2BA7 /* Debug */ = {
			isa = XCBuildConfiguration;
			buildSettings = {
				ALWAYS_SEARCH_USER_PATHS = NO;
				CLANG_ANALYZER_NONNULL = YES;
				CLANG_ANALYZER_NUMBER_OBJECT_CONVERSION = YES_AGGRESSIVE;
				CLANG_CXX_LANGUAGE_STANDARD = "gnu++20";
				CLANG_ENABLE_MODULES = YES;
				CLANG_ENABLE_OBJC_ARC = YES;
				CLANG_ENABLE_OBJC_WEAK = YES;
				CLANG_WARN_BLOCK_CAPTURE_AUTORELEASING = YES;
				CLANG_WARN_BOOL_CONVERSION = YES;
				CLANG_WARN_COMMA = YES;
				CLANG_WARN_CONSTANT_CONVERSION = YES;
				CLANG_WARN_DEPRECATED_OBJC_IMPLEMENTATIONS = YES;
				CLANG_WARN_DIRECT_OBJC_ISA_USAGE = YES_ERROR;
				CLANG_WARN_DOCUMENTATION_COMMENTS = YES;
				CLANG_WARN_EMPTY_BODY = YES;
				CLANG_WARN_ENUM_CONVERSION = YES;
				CLANG_WARN_INFINITE_RECURSION = YES;
				CLANG_WARN_INT_CONVERSION = YES;
				CLANG_WARN_NON_LITERAL_NULL_CONVERSION = YES;
				CLANG_WARN_OBJC_IMPLICIT_RETAIN_SELF = YES;
				CLANG_WARN_OBJC_LITERAL_CONVERSION = YES;
				CLANG_WARN_OBJC_ROOT_CLASS = YES_ERROR;
				CLANG_WARN_QUOTED_INCLUDE_IN_FRAMEWORK_HEADER = YES;
				CLANG_WARN_RANGE_LOOP_ANALYSIS = YES;
				CLANG_WARN_STRICT_PROTOTYPES = YES;
				CLANG_WARN_SUSPICIOUS_MOVE = YES;
				CLANG_WARN_UNGUARDED_AVAILABILITY = YES_AGGRESSIVE;
				CLANG_WARN_UNREACHABLE_CODE = YES;
				CLANG_WARN__DUPLICATE_METHOD_MATCH = YES;
				COPY_PHASE_STRIP = NO;
				DEBUG_INFORMATION_FORMAT = dwarf;
				ENABLE_STRICT_OBJC_MSGSEND = YES;
				ENABLE_TESTABILITY = YES;
				ENABLE_USER_SCRIPT_SANDBOXING = YES;
				GCC_C_LANGUAGE_STANDARD = gnu11;
				GCC_DYNAMIC_NO_PIC = NO;
				GCC_NO_COMMON_BLOCKS = YES;
				GCC_OPTIMIZATION_LEVEL = 0;
				GCC_PREPROCESSOR_DEFINITIONS = (
					"DEBUG=1",
					"$(inherited)",
				);
				GCC_WARN_64_TO_32_BIT_CONVERSION = YES;
				GCC_WARN_ABOUT_RETURN_TYPE = YES_ERROR;
				GCC_WARN_UNDECLARED_SELECTOR = YES;
				GCC_WARN_UNINITIALIZED_AUTOS = YES_AGGRESSIVE;
				GCC_WARN_UNUSED_FUNCTION = YES;
				GCC_WARN_UNUSED_VARIABLE = YES;
				IPHONEOS_DEPLOYMENT_TARGET = 16.4;
				MTL_ENABLE_DEBUG_INFO = INCLUDE_SOURCE;
				MTL_FAST_MATH = YES;
				ONLY_ACTIVE_ARCH = YES;
				SDKROOT = iphoneos;
				SWIFT_ACTIVE_COMPILATION_CONDITIONS = DEBUG;
				SWIFT_OPTIMIZATION_LEVEL = "-Onone";
			};
			name = Debug;
		};
		260C78732A97CD0000EB2BA7 /* Release */ = {
			isa = XCBuildConfiguration;
			buildSettings = {
				ALWAYS_SEARCH_USER_PATHS = NO;
				CLANG_ANALYZER_NONNULL = YES;
				CLANG_ANALYZER_NUMBER_OBJECT_CONVERSION = YES_AGGRESSIVE;
				CLANG_CXX_LANGUAGE_STANDARD = "gnu++20";
				CLANG_ENABLE_MODULES = YES;
				CLANG_ENABLE_OBJC_ARC = YES;
				CLANG_ENABLE_OBJC_WEAK = YES;
				CLANG_WARN_BLOCK_CAPTURE_AUTORELEASING = YES;
				CLANG_WARN_BOOL_CONVERSION = YES;
				CLANG_WARN_COMMA = YES;
				CLANG_WARN_CONSTANT_CONVERSION = YES;
				CLANG_WARN_DEPRECATED_OBJC_IMPLEMENTATIONS = YES;
				CLANG_WARN_DIRECT_OBJC_ISA_USAGE = YES_ERROR;
				CLANG_WARN_DOCUMENTATION_COMMENTS = YES;
				CLANG_WARN_EMPTY_BODY = YES;
				CLANG_WARN_ENUM_CONVERSION = YES;
				CLANG_WARN_INFINITE_RECURSION = YES;
				CLANG_WARN_INT_CONVERSION = YES;
				CLANG_WARN_NON_LITERAL_NULL_CONVERSION = YES;
				CLANG_WARN_OBJC_IMPLICIT_RETAIN_SELF = YES;
				CLANG_WARN_OBJC_LITERAL_CONVERSION = YES;
				CLANG_WARN_OBJC_ROOT_CLASS = YES_ERROR;
				CLANG_WARN_QUOTED_INCLUDE_IN_FRAMEWORK_HEADER = YES;
				CLANG_WARN_RANGE_LOOP_ANALYSIS = YES;
				CLANG_WARN_STRICT_PROTOTYPES = YES;
				CLANG_WARN_SUSPICIOUS_MOVE = YES;
				CLANG_WARN_UNGUARDED_AVAILABILITY = YES_AGGRESSIVE;
				CLANG_WARN_UNREACHABLE_CODE = YES;
				CLANG_WARN__DUPLICATE_METHOD_MATCH = YES;
				COPY_PHASE_STRIP = NO;
				DEBUG_INFORMATION_FORMAT = "dwarf-with-dsym";
				ENABLE_NS_ASSERTIONS = NO;
				ENABLE_STRICT_OBJC_MSGSEND = YES;
				ENABLE_USER_SCRIPT_SANDBOXING = YES;
				GCC_C_LANGUAGE_STANDARD = gnu11;
				GCC_NO_COMMON_BLOCKS = YES;
				GCC_WARN_64_TO_32_BIT_CONVERSION = YES;
				GCC_WARN_ABOUT_RETURN_TYPE = YES_ERROR;
				GCC_WARN_UNDECLARED_SELECTOR = YES;
				GCC_WARN_UNINITIALIZED_AUTOS = YES_AGGRESSIVE;
				GCC_WARN_UNUSED_FUNCTION = YES;
				GCC_WARN_UNUSED_VARIABLE = YES;
				IPHONEOS_DEPLOYMENT_TARGET = 16.4;
				MTL_ENABLE_DEBUG_INFO = NO;
				MTL_FAST_MATH = YES;
				SDKROOT = iphoneos;
				SWIFT_COMPILATION_MODE = wholemodule;
				SWIFT_OPTIMIZATION_LEVEL = "-O";
				VALIDATE_PRODUCT = YES;
			};
			name = Release;
		};
		260C78752A97CD0000EB2BA7 /* Debug */ = {
			isa = XCBuildConfiguration;
			buildSettings = {
				ASSETCATALOG_COMPILER_APPICON_NAME = AppIcon;
				ASSETCATALOG_COMPILER_GLOBAL_ACCENT_COLOR_NAME = AccentColor;
				CODE_SIGN_STYLE = Automatic;
				CURRENT_PROJECT_VERSION = 1;
				DEVELOPMENT_ASSET_PATHS = "\"PlanerApp/Preview Content\"";
				DEVELOPMENT_TEAM = SGC6CXQ529;
				ENABLE_PREVIEWS = YES;
				GENERATE_INFOPLIST_FILE = YES;
				INFOPLIST_KEY_UIApplicationSceneManifest_Generation = YES;
				INFOPLIST_KEY_UIApplicationSupportsIndirectInputEvents = YES;
				INFOPLIST_KEY_UILaunchScreen_Generation = YES;
				INFOPLIST_KEY_UIRequiresFullScreen = NO;
				INFOPLIST_KEY_UIStatusBarStyle = "";
				INFOPLIST_KEY_UISupportedInterfaceOrientations = UIInterfaceOrientationPortrait;
				LD_RUNPATH_SEARCH_PATHS = (
					"$(inherited)",
					"@executable_path/Frameworks",
				);
				MARKETING_VERSION = 1.0;
				PRODUCT_BUNDLE_IDENTIFIER = ch.simone.PlanerApp;
				PRODUCT_NAME = "$(TARGET_NAME)";
				SWIFT_EMIT_LOC_STRINGS = YES;
				SWIFT_VERSION = 5.0;
				TARGETED_DEVICE_FAMILY = "1,2";
			};
			name = Debug;
		};
		260C78762A97CD0000EB2BA7 /* Release */ = {
			isa = XCBuildConfiguration;
			buildSettings = {
				ASSETCATALOG_COMPILER_APPICON_NAME = AppIcon;
				ASSETCATALOG_COMPILER_GLOBAL_ACCENT_COLOR_NAME = AccentColor;
				CODE_SIGN_STYLE = Automatic;
				CURRENT_PROJECT_VERSION = 1;
				DEVELOPMENT_ASSET_PATHS = "\"PlanerApp/Preview Content\"";
				DEVELOPMENT_TEAM = SGC6CXQ529;
				ENABLE_PREVIEWS = YES;
				GENERATE_INFOPLIST_FILE = YES;
				INFOPLIST_KEY_UIApplicationSceneManifest_Generation = YES;
				INFOPLIST_KEY_UIApplicationSupportsIndirectInputEvents = YES;
				INFOPLIST_KEY_UILaunchScreen_Generation = YES;
				INFOPLIST_KEY_UIRequiresFullScreen = NO;
				INFOPLIST_KEY_UIStatusBarStyle = "";
				INFOPLIST_KEY_UISupportedInterfaceOrientations = UIInterfaceOrientationPortrait;
				LD_RUNPATH_SEARCH_PATHS = (
					"$(inherited)",
					"@executable_path/Frameworks",
				);
				MARKETING_VERSION = 1.0;
				PRODUCT_BUNDLE_IDENTIFIER = ch.simone.PlanerApp;
				PRODUCT_NAME = "$(TARGET_NAME)";
				SWIFT_EMIT_LOC_STRINGS = YES;
				SWIFT_VERSION = 5.0;
				TARGETED_DEVICE_FAMILY = "1,2";
			};
			name = Release;
		};
		260C78782A97CD0000EB2BA7 /* Debug */ = {
			isa = XCBuildConfiguration;
			buildSettings = {
				ALWAYS_EMBED_SWIFT_STANDARD_LIBRARIES = YES;
				BUNDLE_LOADER = "$(TEST_HOST)";
				CODE_SIGN_STYLE = Automatic;
				CURRENT_PROJECT_VERSION = 1;
				GENERATE_INFOPLIST_FILE = YES;
				IPHONEOS_DEPLOYMENT_TARGET = 16.4;
				MARKETING_VERSION = 1.0;
				PRODUCT_BUNDLE_IDENTIFIER = ch.simone.PlanerAppTests;
				PRODUCT_NAME = "$(TARGET_NAME)";
				SWIFT_EMIT_LOC_STRINGS = NO;
				SWIFT_VERSION = 5.0;
				TARGETED_DEVICE_FAMILY = "1,2";
				TEST_HOST = "$(BUILT_PRODUCTS_DIR)/PlanerApp.app/$(BUNDLE_EXECUTABLE_FOLDER_PATH)/PlanerApp";
			};
			name = Debug;
		};
		260C78792A97CD0000EB2BA7 /* Release */ = {
			isa = XCBuildConfiguration;
			buildSettings = {
				ALWAYS_EMBED_SWIFT_STANDARD_LIBRARIES = YES;
				BUNDLE_LOADER = "$(TEST_HOST)";
				CODE_SIGN_STYLE = Automatic;
				CURRENT_PROJECT_VERSION = 1;
				GENERATE_INFOPLIST_FILE = YES;
				IPHONEOS_DEPLOYMENT_TARGET = 16.4;
				MARKETING_VERSION = 1.0;
				PRODUCT_BUNDLE_IDENTIFIER = ch.simone.PlanerAppTests;
				PRODUCT_NAME = "$(TARGET_NAME)";
				SWIFT_EMIT_LOC_STRINGS = NO;
				SWIFT_VERSION = 5.0;
				TARGETED_DEVICE_FAMILY = "1,2";
				TEST_HOST = "$(BUILT_PRODUCTS_DIR)/PlanerApp.app/$(BUNDLE_EXECUTABLE_FOLDER_PATH)/PlanerApp";
			};
			name = Release;
		};
		260C787B2A97CD0000EB2BA7 /* Debug */ = {
			isa = XCBuildConfiguration;
			buildSettings = {
				ALWAYS_EMBED_SWIFT_STANDARD_LIBRARIES = YES;
				CODE_SIGN_STYLE = Automatic;
				CURRENT_PROJECT_VERSION = 1;
				GENERATE_INFOPLIST_FILE = YES;
				MARKETING_VERSION = 1.0;
				PRODUCT_BUNDLE_IDENTIFIER = ch.simone.PlanerAppUITests;
				PRODUCT_NAME = "$(TARGET_NAME)";
				SWIFT_EMIT_LOC_STRINGS = NO;
				SWIFT_VERSION = 5.0;
				TARGETED_DEVICE_FAMILY = "1,2";
				TEST_TARGET_NAME = PlanerApp;
			};
			name = Debug;
		};
		260C787C2A97CD0000EB2BA7 /* Release */ = {
			isa = XCBuildConfiguration;
			buildSettings = {
				ALWAYS_EMBED_SWIFT_STANDARD_LIBRARIES = YES;
				CODE_SIGN_STYLE = Automatic;
				CURRENT_PROJECT_VERSION = 1;
				GENERATE_INFOPLIST_FILE = YES;
				MARKETING_VERSION = 1.0;
				PRODUCT_BUNDLE_IDENTIFIER = ch.simone.PlanerAppUITests;
				PRODUCT_NAME = "$(TARGET_NAME)";
				SWIFT_EMIT_LOC_STRINGS = NO;
				SWIFT_VERSION = 5.0;
				TARGETED_DEVICE_FAMILY = "1,2";
				TEST_TARGET_NAME = PlanerApp;
			};
			name = Release;
		};
/* End XCBuildConfiguration section */

/* Begin XCConfigurationList section */
		260C784B2A97CCFE00EB2BA7 /* Build configuration list for PBXProject "PlanerApp" */ = {
			isa = XCConfigurationList;
			buildConfigurations = (
				260C78722A97CD0000EB2BA7 /* Debug */,
				260C78732A97CD0000EB2BA7 /* Release */,
			);
			defaultConfigurationIsVisible = 0;
			defaultConfigurationName = Release;
		};
		260C78742A97CD0000EB2BA7 /* Build configuration list for PBXNativeTarget "PlanerApp" */ = {
			isa = XCConfigurationList;
			buildConfigurations = (
				260C78752A97CD0000EB2BA7 /* Debug */,
				260C78762A97CD0000EB2BA7 /* Release */,
			);
			defaultConfigurationIsVisible = 0;
			defaultConfigurationName = Release;
		};
		260C78772A97CD0000EB2BA7 /* Build configuration list for PBXNativeTarget "PlanerAppTests" */ = {
			isa = XCConfigurationList;
			buildConfigurations = (
				260C78782A97CD0000EB2BA7 /* Debug */,
				260C78792A97CD0000EB2BA7 /* Release */,
			);
			defaultConfigurationIsVisible = 0;
			defaultConfigurationName = Release;
		};
		260C787A2A97CD0000EB2BA7 /* Build configuration list for PBXNativeTarget "PlanerAppUITests" */ = {
			isa = XCConfigurationList;
			buildConfigurations = (
				260C787B2A97CD0000EB2BA7 /* Debug */,
				260C787C2A97CD0000EB2BA7 /* Release */,
			);
			defaultConfigurationIsVisible = 0;
			defaultConfigurationName = Release;
		};
/* End XCConfigurationList section */

/* Begin XCRemoteSwiftPackageReference section */
		260C787D2A97CD4400EB2BA7 /* XCRemoteSwiftPackageReference "firebase-ios-sdk" */ = {
			isa = XCRemoteSwiftPackageReference;
			repositoryURL = "https://github.com/firebase/firebase-ios-sdk.git";
			requirement = {
				kind = upToNextMajorVersion;
				minimumVersion = 10.0.0;
			};
		};
/* End XCRemoteSwiftPackageReference section */

/* Begin XCSwiftPackageProductDependency section */
		260C787E2A97CD4400EB2BA7 /* FirebaseAuth */ = {
			isa = XCSwiftPackageProductDependency;
			package = 260C787D2A97CD4400EB2BA7 /* XCRemoteSwiftPackageReference "firebase-ios-sdk" */;
			productName = FirebaseAuth;
		};
		260C78802A97CD4400EB2BA7 /* FirebaseFirestore */ = {
			isa = XCSwiftPackageProductDependency;
			package = 260C787D2A97CD4400EB2BA7 /* XCRemoteSwiftPackageReference "firebase-ios-sdk" */;
			productName = FirebaseFirestore;
		};
		260C78822A97CD4400EB2BA7 /* FirebaseFirestoreSwift */ = {
			isa = XCSwiftPackageProductDependency;
			package = 260C787D2A97CD4400EB2BA7 /* XCRemoteSwiftPackageReference "firebase-ios-sdk" */;
			productName = FirebaseFirestoreSwift;
		};
/* End XCSwiftPackageProductDependency section */
	};
	rootObject = 260C78482A97CCFE00EB2BA7 /* Project object */;
}
